
Microsoft Visual Studio Solution File, Format Version 12.00
# Visual Studio 15
VisualStudioVersion = 15.0.26228.4
MinimumVisualStudioVersion = 10.0.40219.1
Project("{9A19103F-16F7-4668-BE54-9A1E7A4F7556}") = "Sid.AspNetCore.RequestBodyRewind", "src\Sid.AspNetCore.RequestBodyRewind\Sid.AspNetCore.RequestBodyRewind.csproj", "{37DC93CB-A85C-42D6-A4CA-8492FB2D4CD7}"
EndProject
Project("{2150E333-8FDC-42A3-9474-1A3956D46DE8}") = "src", "src", "{7D953CD1-51AA-4538-B3EF-58F87F2B99E5}"
EndProject
Global
	GlobalSection(SolutionConfigurationPlatforms) = preSolution
		Debug|Any CPU = Debug|Any CPU
		Release|Any CPU = Release|Any CPU
	EndGlobalSection
	GlobalSection(ProjectConfigurationPlatforms) = postSolution
		{37DC93CB-A85C-42D6-A4CA-8492FB2D4CD7}.Debug|Any CPU.ActiveCfg = Debug|Any CPU
		{37DC93CB-A85C-42D6-A4CA-8492FB2D4CD7}.Debug|Any CPU.Build.0 = Debug|Any CPU
		{37DC93CB-A85C-42D6-A4CA-8492FB2D4CD7}.Release|Any CPU.ActiveCfg = Release|Any CPU
		{37DC93CB-A85C-42D6-A4CA-8492FB2D4CD7}.Release|Any CPU.Build.0 = Release|Any CPU
	EndGlobalSection
	GlobalSection(SolutionProperties) = preSolution
		HideSolutionNode = FALSE
	EndGlobalSection
	GlobalSection(NestedProjects) = preSolution
		{37DC93CB-A85C-42D6-A4CA-8492FB2D4CD7} = {7D953CD1-51AA-4538-B3EF-58F87F2B99E5}
	EndGlobalSection
EndGlobal
